
Microsoft Visual Studio Solution File, Format Version 12.00
# Visual Studio Version 16
VisualStudioVersion = 16.0.31727.386
MinimumVisualStudioVersion = 10.0.40219.1
Project("{FAE04EC0-301F-11D3-BF4B-00C04F79EFBC}") = "Project_OxfordAcademy", "Project_OxfordAcademy\Project_OxfordAcademy.csproj", "{FE3AB684-67A7-4716-ACC0-22DB174DFE43}"
EndProject
Global
	GlobalSection(SolutionConfigurationPlatforms) = preSolution
		Debug|ARM = Debug|ARM
		Debug|ARM64 = Debug|ARM64
		Debug|x64 = Debug|x64
		Debug|x86 = Debug|x86
		Release|ARM = Release|ARM
		Release|ARM64 = Release|ARM64
		Release|x64 = Release|x64
		Release|x86 = Release|x86
	EndGlobalSection
	GlobalSection(ProjectConfigurationPlatforms) = postSolution
		{FE3AB684-67A7-4716-ACC0-22DB174DFE43}.Debug|ARM.ActiveCfg = Debug|ARM
		{FE3AB684-67A7-4716-ACC0-22DB174DFE43}.Debug|ARM.Build.0 = Debug|ARM
		{FE3AB684-67A7-4716-ACC0-22DB174DFE43}.Debug|ARM.Deploy.0 = Debug|ARM
		{FE3AB684-67A7-4716-ACC0-22DB174DFE43}.Debug|ARM64.ActiveCfg = Debug|ARM64
		{FE3AB684-67A7-4716-ACC0-22DB174DFE43}.Debug|ARM64.Build.0 = Debug|ARM64
		{FE3AB684-67A7-4716-ACC0-22DB174DFE43}.Debug|ARM64.Deploy.0 = Debug|ARM64
		{FE3AB684-67A7-4716-ACC0-22DB174DFE43}.Debug|x64.ActiveCfg = Debug|x64
		{FE3AB684-67A7-4716-ACC0-22DB174DFE43}.Debug|x64.Build.0 = Debug|x64
		{FE3AB684-67A7-4716-ACC0-22DB174DFE43}.Debug|x64.Deploy.0 = Debug|x64
		{FE3AB684-67A7-4716-ACC0-22DB174DFE43}.Debug|x86.ActiveCfg = Debug|x86
		{FE3AB684-67A7-4716-ACC0-22DB174DFE43}.Debug|x86.Build.0 = Debug|x86
		{FE3AB684-67A7-4716-ACC0-22DB174DFE43}.Debug|x86.Deploy.0 = Debug|x86
		{FE3AB684-67A7-4716-ACC0-22DB174DFE43}.Release|ARM.ActiveCfg = Release|ARM
		{FE3AB684-67A7-4716-ACC0-22DB174DFE43}.Release|ARM.Build.0 = Release|ARM
		{FE3AB684-67A7-4716-ACC0-22DB174DFE43}.Release|ARM.Deploy.0 = Release|ARM
		{FE3AB684-67A7-4716-ACC0-22DB174DFE43}.Release|ARM64.ActiveCfg = Release|ARM64
		{FE3AB684-67A7-4716-ACC0-22DB174DFE43}.Release|ARM64.Build.0 = Release|ARM64
		{FE3AB684-67A7-4716-ACC0-22DB174DFE43}.Release|ARM64.Deploy.0 = Release|ARM64
		{FE3AB684-67A7-4716-ACC0-22DB174DFE43}.Release|x64.ActiveCfg = Release|x64
		{FE3AB684-67A7-4716-ACC0-22DB174DFE43}.Release|x64.Build.0 = Release|x64
		{FE3AB684-67A7-4716-ACC0-22DB174DFE43}.Release|x64.Deploy.0 = Release|x64
		{FE3AB684-67A7-4716-ACC0-22DB174DFE43}.Release|x86.ActiveCfg = Release|x86
		{FE3AB684-67A7-4716-ACC0-22DB174DFE43}.Release|x86.Build.0 = Release|x86
		{FE3AB684-67A7-4716-ACC0-22DB174DFE43}.Release|x86.Deploy.0 = Release|x86
	EndGlobalSection
	GlobalSection(SolutionProperties) = preSolution
		HideSolutionNode = FALSE
	EndGlobalSection
	GlobalSection(ExtensibilityGlobals) = postSolution
		SolutionGuid = {896AD855-763F-400E-A0BA-E6B7DEF796EF}
	EndGlobalSection
EndGlobal
